
Microsoft Visual Studio Solution File, Format Version 12.00
# Visual Studio Version 16
VisualStudioVersion = 16.0.29306.81
MinimumVisualStudioVersion = 10.0.40219.1
Project("{FAE04EC0-301F-11D3-BF4B-00C04F79EFBC}") = "LogginByDocs", "LogginByDocs\LogginByDocs.csproj", "{3E95539B-9486-4693-82AE-D37B03DEDF02}"
EndProject
Global
	GlobalSection(SolutionConfigurationPlatforms) = preSolution
		Debug|Any CPU = Debug|Any CPU
		Release|Any CPU = Release|Any CPU
	EndGlobalSection
	GlobalSection(ProjectConfigurationPlatforms) = postSolution
		{3E95539B-9486-4693-82AE-D37B03DEDF02}.Debug|Any CPU.ActiveCfg = Debug|Any CPU
		{3E95539B-9486-4693-82AE-D37B03DEDF02}.Debug|Any CPU.Build.0 = Debug|Any CPU
		{3E95539B-9486-4693-82AE-D37B03DEDF02}.Release|Any CPU.ActiveCfg = Release|Any CPU
		{3E95539B-9486-4693-82AE-D37B03DEDF02}.Release|Any CPU.Build.0 = Release|Any CPU
	EndGlobalSection
	GlobalSection(SolutionProperties) = preSolution
		HideSolutionNode = FALSE
	EndGlobalSection
	GlobalSection(ExtensibilityGlobals) = postSolution
		SolutionGuid = {4D0675BF-FA3F-444B-A371-2EB9D7B7F7E5}
	EndGlobalSection
EndGlobal
